// !$*UTF8*$!
{
	archiveVersion = 1;
	classes = {
	};
	objectVersion = 46;
	objects = {

/* Begin PBXBuildFile section */
		6726B97913328BB440A1C386 /* Pods_JokeUITests.framework in Frameworks */ = {isa = PBXBuildFile; fileRef = CB45B7B42F4693B6D8EDC82F /* Pods_JokeUITests.framework */; };
		7AD46385120215879C5C5986 /* Pods_JokeTests.framework in Frameworks */ = {isa = PBXBuildFile; fileRef = 395153FDED6363CF196BD390 /* Pods_JokeTests.framework */; };
		8E6BAD5312719B859F5CAFEB /* Pods_Joke.framework in Frameworks */ = {isa = PBXBuildFile; fileRef = DD967E94B226BCA0DBE06909 /* Pods_Joke.framework */; };
		F2028F701DBFF7EF005A4E7E /* Tools.swift in Sources */ = {isa = PBXBuildFile; fileRef = F2028F6F1DBFF7EF005A4E7E /* Tools.swift */; };
		F2071A531DC0D9DA00969546 /* VC_AmuseImage.swift in Sources */ = {isa = PBXBuildFile; fileRef = F2071A521DC0D9DA00969546 /* VC_AmuseImage.swift */; };
		F2071A571DC0DB4400969546 /* CellAmuseImage.swift in Sources */ = {isa = PBXBuildFile; fileRef = F2071A551DC0DB4400969546 /* CellAmuseImage.swift */; };
		F2071A581DC0DB4400969546 /* CellAmuseImage.xib in Resources */ = {isa = PBXBuildFile; fileRef = F2071A561DC0DB4400969546 /* CellAmuseImage.xib */; };
		F23A12A51DBBACB6005A3E90 /* APIManage.swift in Sources */ = {isa = PBXBuildFile; fileRef = F23A12A41DBBACB6005A3E90 /* APIManage.swift */; };
		F23A12AA1DBBB1EA005A3E90 /* URLStitching.swift in Sources */ = {isa = PBXBuildFile; fileRef = F23A12A91DBBB1EA005A3E90 /* URLStitching.swift */; };
		F27B5FE91DB32156008BE9CB /* AppDelegate.swift in Sources */ = {isa = PBXBuildFile; fileRef = F27B5FE81DB32156008BE9CB /* AppDelegate.swift */; };
		F27B5FF01DB32156008BE9CB /* Assets.xcassets in Resources */ = {isa = PBXBuildFile; fileRef = F27B5FEF1DB32156008BE9CB /* Assets.xcassets */; };
		F27B5FFE1DB32157008BE9CB /* JokeTests.swift in Sources */ = {isa = PBXBuildFile; fileRef = F27B5FFD1DB32157008BE9CB /* JokeTests.swift */; };
		F27B60091DB32157008BE9CB /* JokeUITests.swift in Sources */ = {isa = PBXBuildFile; fileRef = F27B60081DB32157008BE9CB /* JokeUITests.swift */; };
		F27B60231DB32189008BE9CB /* CellJoke.swift in Sources */ = {isa = PBXBuildFile; fileRef = F27B60191DB32189008BE9CB /* CellJoke.swift */; };
		F27B60241DB32189008BE9CB /* CellJoke.xib in Resources */ = {isa = PBXBuildFile; fileRef = F27B601A1DB32189008BE9CB /* CellJoke.xib */; };
		F27B60251DB32189008BE9CB /* VC_JokePage.swift in Sources */ = {isa = PBXBuildFile; fileRef = F27B601C1DB32189008BE9CB /* VC_JokePage.swift */; };
		F27B60261DB32189008BE9CB /* Default-568h@2x.png in Resources */ = {isa = PBXBuildFile; fileRef = F27B601E1DB32189008BE9CB /* Default-568h@2x.png */; };
		F27B60271DB32189008BE9CB /* 40@2x.png in Resources */ = {isa = PBXBuildFile; fileRef = F27B60201DB32189008BE9CB /* 40@2x.png */; };
		F27B60281DB32189008BE9CB /* 40@3x.png in Resources */ = {isa = PBXBuildFile; fileRef = F27B60211DB32189008BE9CB /* 40@3x.png */; };
		F27B60291DB32189008BE9CB /* 60@3x.png in Resources */ = {isa = PBXBuildFile; fileRef = F27B60221DB32189008BE9CB /* 60@3x.png */; };
		F2B3B8A41DBC43AB00D054E6 /* M_JokeData.swift in Sources */ = {isa = PBXBuildFile; fileRef = F2B3B8A31DBC43AB00D054E6 /* M_JokeData.swift */; };
		F2EE49DC1DC29E9300E06FEE /* M_AmuseImage.swift in Sources */ = {isa = PBXBuildFile; fileRef = F2EE49DB1DC29E9300E06FEE /* M_AmuseImage.swift */; };
/* End PBXBuildFile section */

/* Begin PBXContainerItemProxy section */
		F27B5FFA1DB32156008BE9CB /* PBXContainerItemProxy */ = {
			isa = PBXContainerItemProxy;
			containerPortal = F27B5FDD1DB32156008BE9CB /* Project object */;
			proxyType = 1;
			remoteGlobalIDString = F27B5FE41DB32156008BE9CB;
			remoteInfo = Joke;
		};
		F27B60051DB32157008BE9CB /* PBXContainerItemProxy */ = {
			isa = PBXContainerItemProxy;
			containerPortal = F27B5FDD1DB32156008BE9CB /* Project object */;
			proxyType = 1;
			remoteGlobalIDString = F27B5FE41DB32156008BE9CB;
			remoteInfo = Joke;
		};
/* End PBXContainerItemProxy section */

/* Begin PBXFileReference section */
		1D588A77399ACCF9E7528559 /* Pods-Joke.debug.xcconfig */ = {isa = PBXFileReference; includeInIndex = 1; lastKnownFileType = text.xcconfig; name = "Pods-Joke.debug.xcconfig"; path = "Pods/Target Support Files/Pods-Joke/Pods-Joke.debug.xcconfig"; sourceTree = "<group>"; };
		3768F87A0B492CF96106D9F8 /* Pods-JokeTests.debug.xcconfig */ = {isa = PBXFileReference; includeInIndex = 1; lastKnownFileType = text.xcconfig; name = "Pods-JokeTests.debug.xcconfig"; path = "Pods/Target Support Files/Pods-JokeTests/Pods-JokeTests.debug.xcconfig"; sourceTree = "<group>"; };
		395153FDED6363CF196BD390 /* Pods_JokeTests.framework */ = {isa = PBXFileReference; explicitFileType = wrapper.framework; includeInIndex = 0; path = Pods_JokeTests.framework; sourceTree = BUILT_PRODUCTS_DIR; };
		551EC14821098455DA8B849B /* Pods-JokeUITests.debug.xcconfig */ = {isa = PBXFileReference; includeInIndex = 1; lastKnownFileType = text.xcconfig; name = "Pods-JokeUITests.debug.xcconfig"; path = "Pods/Target Support Files/Pods-JokeUITests/Pods-JokeUITests.debug.xcconfig"; sourceTree = "<group>"; };
		87AE96EFC768381DAD8AE03B /* Pods-Joke.release.xcconfig */ = {isa = PBXFileReference; includeInIndex = 1; lastKnownFileType = text.xcconfig; name = "Pods-Joke.release.xcconfig"; path = "Pods/Target Support Files/Pods-Joke/Pods-Joke.release.xcconfig"; sourceTree = "<group>"; };
		C82CFE26A267F10D6ED09290 /* Pods-JokeTests.release.xcconfig */ = {isa = PBXFileReference; includeInIndex = 1; lastKnownFileType = text.xcconfig; name = "Pods-JokeTests.release.xcconfig"; path = "Pods/Target Support Files/Pods-JokeTests/Pods-JokeTests.release.xcconfig"; sourceTree = "<group>"; };
		CB45B7B42F4693B6D8EDC82F /* Pods_JokeUITests.framework */ = {isa = PBXFileReference; explicitFileType = wrapper.framework; includeInIndex = 0; path = Pods_JokeUITests.framework; sourceTree = BUILT_PRODUCTS_DIR; };
		DD967E94B226BCA0DBE06909 /* Pods_Joke.framework */ = {isa = PBXFileReference; explicitFileType = wrapper.framework; includeInIndex = 0; path = Pods_Joke.framework; sourceTree = BUILT_PRODUCTS_DIR; };
		DF0CDF461F23A64F825F2B06 /* Pods-JokeUITests.release.xcconfig */ = {isa = PBXFileReference; includeInIndex = 1; lastKnownFileType = text.xcconfig; name = "Pods-JokeUITests.release.xcconfig"; path = "Pods/Target Support Files/Pods-JokeUITests/Pods-JokeUITests.release.xcconfig"; sourceTree = "<group>"; };
		F2028F6F1DBFF7EF005A4E7E /* Tools.swift */ = {isa = PBXFileReference; fileEncoding = 4; lastKnownFileType = sourcecode.swift; name = Tools.swift; path = Config/Tools.swift; sourceTree = "<group>"; };
		F2071A521DC0D9DA00969546 /* VC_AmuseImage.swift */ = {isa = PBXFileReference; fileEncoding = 4; lastKnownFileType = sourcecode.swift; name = VC_AmuseImage.swift; path = "趣图列表界面/VC/VC_AmuseImage.swift"; sourceTree = "<group>"; };
		F2071A551DC0DB4400969546 /* CellAmuseImage.swift */ = {isa = PBXFileReference; fileEncoding = 4; lastKnownFileType = sourcecode.swift; name = CellAmuseImage.swift; path = "趣图列表界面/Cell/CellAmuseImage.swift"; sourceTree = "<group>"; };
		F2071A561DC0DB4400969546 /* CellAmuseImage.xib */ = {isa = PBXFileReference; fileEncoding = 4; lastKnownFileType = file.xib; name = CellAmuseImage.xib; path = "趣图列表界面/Cell/CellAmuseImage.xib"; sourceTree = "<group>"; };
		F23A12A41DBBACB6005A3E90 /* APIManage.swift */ = {isa = PBXFileReference; fileEncoding = 4; lastKnownFileType = sourcecode.swift; name = APIManage.swift; path = Config/APIManage.swift; sourceTree = "<group>"; };
		F23A12A91DBBB1EA005A3E90 /* URLStitching.swift */ = {isa = PBXFileReference; fileEncoding = 4; lastKnownFileType = sourcecode.swift; name = URLStitching.swift; path = "Common/Model/URL拼接/URLStitching.swift"; sourceTree = "<group>"; };
		F27B5FE51DB32156008BE9CB /* Joke.app */ = {isa = PBXFileReference; explicitFileType = wrapper.application; includeInIndex = 0; path = Joke.app; sourceTree = BUILT_PRODUCTS_DIR; };
		F27B5FE81DB32156008BE9CB /* AppDelegate.swift */ = {isa = PBXFileReference; lastKnownFileType = sourcecode.swift; path = AppDelegate.swift; sourceTree = "<group>"; };
		F27B5FEF1DB32156008BE9CB /* Assets.xcassets */ = {isa = PBXFileReference; lastKnownFileType = folder.assetcatalog; path = Assets.xcassets; sourceTree = "<group>"; };
		F27B5FF41DB32156008BE9CB /* Info.plist */ = {isa = PBXFileReference; lastKnownFileType = text.plist.xml; path = Info.plist; sourceTree = "<group>"; };
		F27B5FF91DB32156008BE9CB /* JokeTests.xctest */ = {isa = PBXFileReference; explicitFileType = wrapper.cfbundle; includeInIndex = 0; path = JokeTests.xctest; sourceTree = BUILT_PRODUCTS_DIR; };
		F27B5FFD1DB32157008BE9CB /* JokeTests.swift */ = {isa = PBXFileReference; lastKnownFileType = sourcecode.swift; path = JokeTests.swift; sourceTree = "<group>"; };
		F27B5FFF1DB32157008BE9CB /* Info.plist */ = {isa = PBXFileReference; lastKnownFileType = text.plist.xml; path = Info.plist; sourceTree = "<group>"; };
		F27B60041DB32157008BE9CB /* JokeUITests.xctest */ = {isa = PBXFileReference; explicitFileType = wrapper.cfbundle; includeInIndex = 0; path = JokeUITests.xctest; sourceTree = BUILT_PRODUCTS_DIR; };
		F27B60081DB32157008BE9CB /* JokeUITests.swift */ = {isa = PBXFileReference; lastKnownFileType = sourcecode.swift; path = JokeUITests.swift; sourceTree = "<group>"; };
		F27B600A1DB32157008BE9CB /* Info.plist */ = {isa = PBXFileReference; lastKnownFileType = text.plist.xml; path = Info.plist; sourceTree = "<group>"; };
		F27B60191DB32189008BE9CB /* CellJoke.swift */ = {isa = PBXFileReference; fileEncoding = 4; lastKnownFileType = sourcecode.swift; path = CellJoke.swift; sourceTree = "<group>"; };
		F27B601A1DB32189008BE9CB /* CellJoke.xib */ = {isa = PBXFileReference; fileEncoding = 4; lastKnownFileType = file.xib; path = CellJoke.xib; sourceTree = "<group>"; };
		F27B601C1DB32189008BE9CB /* VC_JokePage.swift */ = {isa = PBXFileReference; fileEncoding = 4; lastKnownFileType = sourcecode.swift; path = VC_JokePage.swift; sourceTree = "<group>"; };
		F27B601E1DB32189008BE9CB /* Default-568h@2x.png */ = {isa = PBXFileReference; lastKnownFileType = image.png; path = "Default-568h@2x.png"; sourceTree = "<group>"; };
		F27B60201DB32189008BE9CB /* 40@2x.png */ = {isa = PBXFileReference; lastKnownFileType = image.png; path = "40@2x.png"; sourceTree = "<group>"; };
		F27B60211DB32189008BE9CB /* 40@3x.png */ = {isa = PBXFileReference; lastKnownFileType = image.png; path = "40@3x.png"; sourceTree = "<group>"; };
		F27B60221DB32189008BE9CB /* 60@3x.png */ = {isa = PBXFileReference; lastKnownFileType = image.png; path = "60@3x.png"; sourceTree = "<group>"; };
		F2B3B8A31DBC43AB00D054E6 /* M_JokeData.swift */ = {isa = PBXFileReference; fileEncoding = 4; lastKnownFileType = sourcecode.swift; name = M_JokeData.swift; path = "Model/笑话数据/M_JokeData.swift"; sourceTree = "<group>"; };
		F2EE49DB1DC29E9300E06FEE /* M_AmuseImage.swift */ = {isa = PBXFileReference; fileEncoding = 4; lastKnownFileType = sourcecode.swift; name = M_AmuseImage.swift; path = "趣图列表界面/Model/M_AmuseImage.swift"; sourceTree = "<group>"; };
/* End PBXFileReference section */

/* Begin PBXFrameworksBuildPhase section */
		F27B5FE21DB32156008BE9CB /* Frameworks */ = {
			isa = PBXFrameworksBuildPhase;
			buildActionMask = 2147483647;
			files = (
				8E6BAD5312719B859F5CAFEB /* Pods_Joke.framework in Frameworks */,
			);
			runOnlyForDeploymentPostprocessing = 0;
		};
		F27B5FF61DB32156008BE9CB /* Frameworks */ = {
			isa = PBXFrameworksBuildPhase;
			buildActionMask = 2147483647;
			files = (
				7AD46385120215879C5C5986 /* Pods_JokeTests.framework in Frameworks */,
			);
			runOnlyForDeploymentPostprocessing = 0;
		};
		F27B60011DB32157008BE9CB /* Frameworks */ = {
			isa = PBXFrameworksBuildPhase;
			buildActionMask = 2147483647;
			files = (
				6726B97913328BB440A1C386 /* Pods_JokeUITests.framework in Frameworks */,
			);
			runOnlyForDeploymentPostprocessing = 0;
		};
/* End PBXFrameworksBuildPhase section */

/* Begin PBXGroup section */
		099D433CE72549E49F8689C7 /* Frameworks */ = {
			isa = PBXGroup;
			children = (
				DD967E94B226BCA0DBE06909 /* Pods_Joke.framework */,
				395153FDED6363CF196BD390 /* Pods_JokeTests.framework */,
				CB45B7B42F4693B6D8EDC82F /* Pods_JokeUITests.framework */,
			);
			name = Frameworks;
			sourceTree = "<group>";
		};
		9078A20D9B080E31C49D0FE7 /* Pods */ = {
			isa = PBXGroup;
			children = (
				1D588A77399ACCF9E7528559 /* Pods-Joke.debug.xcconfig */,
				87AE96EFC768381DAD8AE03B /* Pods-Joke.release.xcconfig */,
				3768F87A0B492CF96106D9F8 /* Pods-JokeTests.debug.xcconfig */,
				C82CFE26A267F10D6ED09290 /* Pods-JokeTests.release.xcconfig */,
				551EC14821098455DA8B849B /* Pods-JokeUITests.debug.xcconfig */,
				DF0CDF461F23A64F825F2B06 /* Pods-JokeUITests.release.xcconfig */,
			);
			name = Pods;
			sourceTree = "<group>";
		};
		F2071A501DC0D82400969546 /* 趣图列表界面 */ = {
			isa = PBXGroup;
			children = (
				F2EE49DD1DC29E9800E06FEE /* Model */,
				F2071A541DC0DB2300969546 /* Cell */,
				F2071A511DC0D97500969546 /* VC */,
			);
			name = "趣图列表界面";
			sourceTree = "<group>";
		};
		F2071A511DC0D97500969546 /* VC */ = {
			isa = PBXGroup;
			children = (
				F2071A521DC0D9DA00969546 /* VC_AmuseImage.swift */,
			);
			name = VC;
			sourceTree = "<group>";
		};
		F2071A541DC0DB2300969546 /* Cell */ = {
			isa = PBXGroup;
			children = (
				F2071A551DC0DB4400969546 /* CellAmuseImage.swift */,
				F2071A561DC0DB4400969546 /* CellAmuseImage.xib */,
			);
			name = Cell;
			sourceTree = "<group>";
		};
		F23A129B1DBBA447005A3E90 /* Config */ = {
			isa = PBXGroup;
			children = (
				F23A12A41DBBACB6005A3E90 /* APIManage.swift */,
				F2028F6F1DBFF7EF005A4E7E /* Tools.swift */,
			);
			name = Config;
			sourceTree = "<group>";
		};
		F23A12A61DBBB122005A3E90 /* Common */ = {
			isa = PBXGroup;
			children = (
				F23A12A71DBBB14B005A3E90 /* Model */,
			);
			name = Common;
			sourceTree = "<group>";
		};
		F23A12A71DBBB14B005A3E90 /* Model */ = {
			isa = PBXGroup;
			children = (
				F23A12A81DBBB165005A3E90 /* URL拼接 */,
			);
			name = Model;
			sourceTree = "<group>";
		};
		F23A12A81DBBB165005A3E90 /* URL拼接 */ = {
			isa = PBXGroup;
			children = (
				F23A12A91DBBB1EA005A3E90 /* URLStitching.swift */,
			);
			name = "URL拼接";
			sourceTree = "<group>";
		};
		F27B5FDC1DB32156008BE9CB = {
			isa = PBXGroup;
			children = (
				F27B5FE71DB32156008BE9CB /* Joke */,
				F27B5FFC1DB32156008BE9CB /* JokeTests */,
				F27B60071DB32157008BE9CB /* JokeUITests */,
				F27B5FE61DB32156008BE9CB /* Products */,
				9078A20D9B080E31C49D0FE7 /* Pods */,
				099D433CE72549E49F8689C7 /* Frameworks */,
			);
			sourceTree = "<group>";
		};
		F27B5FE61DB32156008BE9CB /* Products */ = {
			isa = PBXGroup;
			children = (
				F27B5FE51DB32156008BE9CB /* Joke.app */,
				F27B5FF91DB32156008BE9CB /* JokeTests.xctest */,
				F27B60041DB32157008BE9CB /* JokeUITests.xctest */,
			);
			name = Products;
			sourceTree = "<group>";
		};
		F27B5FE71DB32156008BE9CB /* Joke */ = {
			isa = PBXGroup;
			children = (
				F23A12A61DBBB122005A3E90 /* Common */,
				F23A129B1DBBA447005A3E90 /* Config */,
				F27B60161DB32189008BE9CB /* Function */,
				F27B601D1DB32189008BE9CB /* IMG */,
				F27B5FE81DB32156008BE9CB /* AppDelegate.swift */,
				F27B5FEF1DB32156008BE9CB /* Assets.xcassets */,
				F27B5FF41DB32156008BE9CB /* Info.plist */,
			);
			path = Joke;
			sourceTree = "<group>";
		};
		F27B5FFC1DB32156008BE9CB /* JokeTests */ = {
			isa = PBXGroup;
			children = (
				F27B5FFD1DB32157008BE9CB /* JokeTests.swift */,
				F27B5FFF1DB32157008BE9CB /* Info.plist */,
			);
			path = JokeTests;
			sourceTree = "<group>";
		};
		F27B60071DB32157008BE9CB /* JokeUITests */ = {
			isa = PBXGroup;
			children = (
				F27B60081DB32157008BE9CB /* JokeUITests.swift */,
				F27B600A1DB32157008BE9CB /* Info.plist */,
			);
			path = JokeUITests;
			sourceTree = "<group>";
		};
		F27B60161DB32189008BE9CB /* Function */ = {
			isa = PBXGroup;
			children = (
				F2071A501DC0D82400969546 /* 趣图列表界面 */,
				F27B60171DB32189008BE9CB /* 笑话列表界面 */,
			);
			path = Function;
			sourceTree = "<group>";
		};
		F27B60171DB32189008BE9CB /* 笑话列表界面 */ = {
			isa = PBXGroup;
			children = (
				F2B3B8A11DBC436B00D054E6 /* Model */,
				F27B60181DB32189008BE9CB /* Cell */,
				F27B601B1DB32189008BE9CB /* VC */,
			);
			path = "笑话列表界面";
			sourceTree = "<group>";
		};
		F27B60181DB32189008BE9CB /* Cell */ = {
			isa = PBXGroup;
			children = (
				F27B60191DB32189008BE9CB /* CellJoke.swift */,
				F27B601A1DB32189008BE9CB /* CellJoke.xib */,
			);
			path = Cell;
			sourceTree = "<group>";
		};
		F27B601B1DB32189008BE9CB /* VC */ = {
			isa = PBXGroup;
			children = (
				F27B601C1DB32189008BE9CB /* VC_JokePage.swift */,
			);
			path = VC;
			sourceTree = "<group>";
		};
		F27B601D1DB32189008BE9CB /* IMG */ = {
			isa = PBXGroup;
			children = (
				F27B601E1DB32189008BE9CB /* Default-568h@2x.png */,
				F27B601F1DB32189008BE9CB /* icon */,
			);
			path = IMG;
			sourceTree = "<group>";
		};
		F27B601F1DB32189008BE9CB /* icon */ = {
			isa = PBXGroup;
			children = (
				F27B60201DB32189008BE9CB /* 40@2x.png */,
				F27B60211DB32189008BE9CB /* 40@3x.png */,
				F27B60221DB32189008BE9CB /* 60@3x.png */,
			);
			path = icon;
			sourceTree = "<group>";
		};
		F2B3B8A11DBC436B00D054E6 /* Model */ = {
			isa = PBXGroup;
			children = (
				F2B3B8A21DBC437400D054E6 /* 笑话数据 */,
			);
			name = Model;
			sourceTree = "<group>";
		};
		F2B3B8A21DBC437400D054E6 /* 笑话数据 */ = {
			isa = PBXGroup;
			children = (
				F2B3B8A31DBC43AB00D054E6 /* M_JokeData.swift */,
			);
			name = "笑话数据";
			sourceTree = "<group>";
		};
		F2EE49DD1DC29E9800E06FEE /* Model */ = {
			isa = PBXGroup;
			children = (
				F2EE49DE1DC29EB600E06FEE /* 趣图数据 */,
			);
			name = Model;
			sourceTree = "<group>";
		};
		F2EE49DE1DC29EB600E06FEE /* 趣图数据 */ = {
			isa = PBXGroup;
			children = (
				F2EE49DB1DC29E9300E06FEE /* M_AmuseImage.swift */,
			);
			name = "趣图数据";
			sourceTree = "<group>";
		};
/* End PBXGroup section */

/* Begin PBXNativeTarget section */
		F27B5FE41DB32156008BE9CB /* Joke */ = {
			isa = PBXNativeTarget;
			buildConfigurationList = F27B600D1DB32157008BE9CB /* Build configuration list for PBXNativeTarget "Joke" */;
			buildPhases = (
				0E1285776A4F245A6F6A448B /* [CP] Check Pods Manifest.lock */,
				F27B5FE11DB32156008BE9CB /* Sources */,
				F27B5FE21DB32156008BE9CB /* Frameworks */,
				F27B5FE31DB32156008BE9CB /* Resources */,
				90DA3DC0F7F8AFBD0CB8B4BE /* [CP] Embed Pods Frameworks */,
				D1F4BFA92694D6FA60B572C8 /* [CP] Copy Pods Resources */,
			);
			buildRules = (
			);
			dependencies = (
			);
			name = Joke;
			productName = Joke;
			productReference = F27B5FE51DB32156008BE9CB /* Joke.app */;
			productType = "com.apple.product-type.application";
		};
		F27B5FF81DB32156008BE9CB /* JokeTests */ = {
			isa = PBXNativeTarget;
			buildConfigurationList = F27B60101DB32157008BE9CB /* Build configuration list for PBXNativeTarget "JokeTests" */;
			buildPhases = (
				CCFC53259707638C3E45CFC5 /* [CP] Check Pods Manifest.lock */,
				F27B5FF51DB32156008BE9CB /* Sources */,
				F27B5FF61DB32156008BE9CB /* Frameworks */,
				F27B5FF71DB32156008BE9CB /* Resources */,
				ADE025D25ABE0F83708C6521 /* [CP] Embed Pods Frameworks */,
				11CC20083E4AE834BB5742D9 /* [CP] Copy Pods Resources */,
			);
			buildRules = (
			);
			dependencies = (
				F27B5FFB1DB32156008BE9CB /* PBXTargetDependency */,
			);
			name = JokeTests;
			productName = JokeTests;
			productReference = F27B5FF91DB32156008BE9CB /* JokeTests.xctest */;
			productType = "com.apple.product-type.bundle.unit-test";
		};
		F27B60031DB32157008BE9CB /* JokeUITests */ = {
			isa = PBXNativeTarget;
			buildConfigurationList = F27B60131DB32157008BE9CB /* Build configuration list for PBXNativeTarget "JokeUITests" */;
			buildPhases = (
				C15222547E69FC415376937D /* [CP] Check Pods Manifest.lock */,
				F27B60001DB32157008BE9CB /* Sources */,
				F27B60011DB32157008BE9CB /* Frameworks */,
				F27B60021DB32157008BE9CB /* Resources */,
				E7A14BC63FA5D46761A0A73C /* [CP] Copy Pods Resources */,
				90230C853B2321993B5E0837 /* [CP] Embed Pods Frameworks */,
			);
			buildRules = (
			);
			dependencies = (
				F27B60061DB32157008BE9CB /* PBXTargetDependency */,
			);
			name = JokeUITests;
			productName = JokeUITests;
			productReference = F27B60041DB32157008BE9CB /* JokeUITests.xctest */;
			productType = "com.apple.product-type.bundle.ui-testing";
		};
/* End PBXNativeTarget section */

/* Begin PBXProject section */
		F27B5FDD1DB32156008BE9CB /* Project object */ = {
			isa = PBXProject;
			attributes = {
				LastSwiftUpdateCheck = 0810;
				LastUpgradeCheck = 0810;
				ORGANIZATIONNAME = "陈东芝";
				TargetAttributes = {
					F27B5FE41DB32156008BE9CB = {
						CreatedOnToolsVersion = 8.1;
						DevelopmentTeam = 3G8327GJ7X;
						ProvisioningStyle = Automatic;
					};
					F27B5FF81DB32156008BE9CB = {
						CreatedOnToolsVersion = 8.1;
						DevelopmentTeam = 3G8327GJ7X;
						ProvisioningStyle = Automatic;
						TestTargetID = F27B5FE41DB32156008BE9CB;
					};
					F27B60031DB32157008BE9CB = {
						CreatedOnToolsVersion = 8.1;
						DevelopmentTeam = 3G8327GJ7X;
						ProvisioningStyle = Automatic;
						TestTargetID = F27B5FE41DB32156008BE9CB;
					};
				};
			};
			buildConfigurationList = F27B5FE01DB32156008BE9CB /* Build configuration list for PBXProject "Joke" */;
			compatibilityVersion = "Xcode 3.2";
			developmentRegion = English;
			hasScannedForEncodings = 0;
			knownRegions = (
				en,
				Base,
			);
			mainGroup = F27B5FDC1DB32156008BE9CB;
			productRefGroup = F27B5FE61DB32156008BE9CB /* Products */;
			projectDirPath = "";
			projectRoot = "";
			targets = (
				F27B5FE41DB32156008BE9CB /* Joke */,
				F27B5FF81DB32156008BE9CB /* JokeTests */,
				F27B60031DB32157008BE9CB /* JokeUITests */,
			);
		};
/* End PBXProject section */

/* Begin PBXResourcesBuildPhase section */
		F27B5FE31DB32156008BE9CB /* Resources */ = {
			isa = PBXResourcesBuildPhase;
			buildActionMask = 2147483647;
			files = (
				F27B60271DB32189008BE9CB /* 40@2x.png in Resources */,
				F27B5FF01DB32156008BE9CB /* Assets.xcassets in Resources */,
				F27B60241DB32189008BE9CB /* CellJoke.xib in Resources */,
				F27B60261DB32189008BE9CB /* Default-568h@2x.png in Resources */,
				F27B60291DB32189008BE9CB /* 60@3x.png in Resources */,
				F2071A581DC0DB4400969546 /* CellAmuseImage.xib in Resources */,
				F27B60281DB32189008BE9CB /* 40@3x.png in Resources */,
			);
			runOnlyForDeploymentPostprocessing = 0;
		};
		F27B5FF71DB32156008BE9CB /* Resources */ = {
			isa = PBXResourcesBuildPhase;
			buildActionMask = 2147483647;
			files = (
			);
			runOnlyForDeploymentPostprocessing = 0;
		};
		F27B60021DB32157008BE9CB /* Resources */ = {
			isa = PBXResourcesBuildPhase;
			buildActionMask = 2147483647;
			files = (
			);
			runOnlyForDeploymentPostprocessing = 0;
		};
/* End PBXResourcesBuildPhase section */

/* Begin PBXShellScriptBuildPhase section */
		0E1285776A4F245A6F6A448B /* [CP] Check Pods Manifest.lock */ = {
			isa = PBXShellScriptBuildPhase;
			buildActionMask = 2147483647;
			files = (
			);
			inputPaths = (
			);
			name = "[CP] Check Pods Manifest.lock";
			outputPaths = (
			);
			runOnlyForDeploymentPostprocessing = 0;
			shellPath = /bin/sh;
			shellScript = "diff \"${PODS_ROOT}/../Podfile.lock\" \"${PODS_ROOT}/Manifest.lock\" > /dev/null\nif [ $? != 0 ] ; then\n    # print error to STDERR\n    echo \"error: The sandbox is not in sync with the Podfile.lock. Run 'pod install' or update your CocoaPods installation.\" >&2\n    exit 1\nfi\n";
			showEnvVarsInLog = 0;
		};
		11CC20083E4AE834BB5742D9 /* [CP] Copy Pods Resources */ = {
			isa = PBXShellScriptBuildPhase;
			buildActionMask = 2147483647;
			files = (
			);
			inputPaths = (
			);
			name = "[CP] Copy Pods Resources";
			outputPaths = (
			);
			runOnlyForDeploymentPostprocessing = 0;
			shellPath = /bin/sh;
			shellScript = "\"${SRCROOT}/Pods/Target Support Files/Pods-JokeTests/Pods-JokeTests-resources.sh\"\n";
			showEnvVarsInLog = 0;
		};
		90230C853B2321993B5E0837 /* [CP] Embed Pods Frameworks */ = {
			isa = PBXShellScriptBuildPhase;
			buildActionMask = 2147483647;
			files = (
			);
			inputPaths = (
			);
			name = "[CP] Embed Pods Frameworks";
			outputPaths = (
			);
			runOnlyForDeploymentPostprocessing = 0;
			shellPath = /bin/sh;
			shellScript = "\"${SRCROOT}/Pods/Target Support Files/Pods-JokeUITests/Pods-JokeUITests-frameworks.sh\"\n";
			showEnvVarsInLog = 0;
		};
		90DA3DC0F7F8AFBD0CB8B4BE /* [CP] Embed Pods Frameworks */ = {
			isa = PBXShellScriptBuildPhase;
			buildActionMask = 2147483647;
			files = (
			);
			inputPaths = (
			);
			name = "[CP] Embed Pods Frameworks";
			outputPaths = (
			);
			runOnlyForDeploymentPostprocessing = 0;
			shellPath = /bin/sh;
			shellScript = "\"${SRCROOT}/Pods/Target Support Files/Pods-Joke/Pods-Joke-frameworks.sh\"\n";
			showEnvVarsInLog = 0;
		};
		ADE025D25ABE0F83708C6521 /* [CP] Embed Pods Frameworks */ = {
			isa = PBXShellScriptBuildPhase;
			buildActionMask = 2147483647;
			files = (
			);
			inputPaths = (
			);
			name = "[CP] Embed Pods Frameworks";
			outputPaths = (
			);
			runOnlyForDeploymentPostprocessing = 0;
			shellPath = /bin/sh;
			shellScript = "\"${SRCROOT}/Pods/Target Support Files/Pods-JokeTests/Pods-JokeTests-frameworks.sh\"\n";
			showEnvVarsInLog = 0;
		};
		C15222547E69FC415376937D /* [CP] Check Pods Manifest.lock */ = {
			isa = PBXShellScriptBuildPhase;
			buildActionMask = 2147483647;
			files = (
			);
			inputPaths = (
			);
			name = "[CP] Check Pods Manifest.lock";
			outputPaths = (
			);
			runOnlyForDeploymentPostprocessing = 0;
			shellPath = /bin/sh;
			shellScript = "diff \"${PODS_ROOT}/../Podfile.lock\" \"${PODS_ROOT}/Manifest.lock\" > /dev/null\nif [ $? != 0 ] ; then\n    # print error to STDERR\n    echo \"error: The sandbox is not in sync with the Podfile.lock. Run 'pod install' or update your CocoaPods installation.\" >&2\n    exit 1\nfi\n";
			showEnvVarsInLog = 0;
		};
		CCFC53259707638C3E45CFC5 /* [CP] Check Pods Manifest.lock */ = {
			isa = PBXShellScriptBuildPhase;
			buildActionMask = 2147483647;
			files = (
			);
			inputPaths = (
			);
			name = "[CP] Check Pods Manifest.lock";
			outputPaths = (
			);
			runOnlyForDeploymentPostprocessing = 0;
			shellPath = /bin/sh;
			shellScript = "diff \"${PODS_ROOT}/../Podfile.lock\" \"${PODS_ROOT}/Manifest.lock\" > /dev/null\nif [ $? != 0 ] ; then\n    # print error to STDERR\n    echo \"error: The sandbox is not in sync with the Podfile.lock. Run 'pod install' or update your CocoaPods installation.\" >&2\n    exit 1\nfi\n";
			showEnvVarsInLog = 0;
		};
		D1F4BFA92694D6FA60B572C8 /* [CP] Copy Pods Resources */ = {
			isa = PBXShellScriptBuildPhase;
			buildActionMask = 2147483647;
			files = (
			);
			inputPaths = (
			);
			name = "[CP] Copy Pods Resources";
			outputPaths = (
			);
			runOnlyForDeploymentPostprocessing = 0;
			shellPath = /bin/sh;
			shellScript = "\"${SRCROOT}/Pods/Target Support Files/Pods-Joke/Pods-Joke-resources.sh\"\n";
			showEnvVarsInLog = 0;
		};
		E7A14BC63FA5D46761A0A73C /* [CP] Copy Pods Resources */ = {
			isa = PBXShellScriptBuildPhase;
			buildActionMask = 2147483647;
			files = (
			);
			inputPaths = (
			);
			name = "[CP] Copy Pods Resources";
			outputPaths = (
			);
			runOnlyForDeploymentPostprocessing = 0;
			shellPath = /bin/sh;
			shellScript = "\"${SRCROOT}/Pods/Target Support Files/Pods-JokeUITests/Pods-JokeUITests-resources.sh\"\n";
			showEnvVarsInLog = 0;
		};
/* End PBXShellScriptBuildPhase section */

/* Begin PBXSourcesBuildPhase section */
		F27B5FE11DB32156008BE9CB /* Sources */ = {
			isa = PBXSourcesBuildPhase;
			buildActionMask = 2147483647;
			files = (
				F27B5FE91DB32156008BE9CB /* AppDelegate.swift in Sources */,
				F23A12A51DBBACB6005A3E90 /* APIManage.swift in Sources */,
				F2B3B8A41DBC43AB00D054E6 /* M_JokeData.swift in Sources */,
				F2EE49DC1DC29E9300E06FEE /* M_AmuseImage.swift in Sources */,
				F27B60251DB32189008BE9CB /* VC_JokePage.swift in Sources */,
				F2071A571DC0DB4400969546 /* CellAmuseImage.swift in Sources */,
				F2071A531DC0D9DA00969546 /* VC_AmuseImage.swift in Sources */,
				F2028F701DBFF7EF005A4E7E /* Tools.swift in Sources */,
				F23A12AA1DBBB1EA005A3E90 /* URLStitching.swift in Sources */,
				F27B60231DB32189008BE9CB /* CellJoke.swift in Sources */,
			);
			runOnlyForDeploymentPostprocessing = 0;
		};
		F27B5FF51DB32156008BE9CB /* Sources */ = {
			isa = PBXSourcesBuildPhase;
			buildActionMask = 2147483647;
			files = (
				F27B5FFE1DB32157008BE9CB /* JokeTests.swift in Sources */,
			);
			runOnlyForDeploymentPostprocessing = 0;
		};
		F27B60001DB32157008BE9CB /* Sources */ = {
			isa = PBXSourcesBuildPhase;
			buildActionMask = 2147483647;
			files = (
				F27B60091DB32157008BE9CB /* JokeUITests.swift in Sources */,
			);
			runOnlyForDeploymentPostprocessing = 0;
		};
/* End PBXSourcesBuildPhase section */

/* Begin PBXTargetDependency section */
		F27B5FFB1DB32156008BE9CB /* PBXTargetDependency */ = {
			isa = PBXTargetDependency;
			target = F27B5FE41DB32156008BE9CB /* Joke */;
			targetProxy = F27B5FFA1DB32156008BE9CB /* PBXContainerItemProxy */;
		};
		F27B60061DB32157008BE9CB /* PBXTargetDependency */ = {
			isa = PBXTargetDependency;
			target = F27B5FE41DB32156008BE9CB /* Joke */;
			targetProxy = F27B60051DB32157008BE9CB /* PBXContainerItemProxy */;
		};
/* End PBXTargetDependency section */

/* Begin XCBuildConfiguration section */
		F27B600B1DB32157008BE9CB /* Debug */ = {
			isa = XCBuildConfiguration;
			buildSettings = {
				ALWAYS_SEARCH_USER_PATHS = NO;
				CLANG_ANALYZER_NONNULL = YES;
				CLANG_CXX_LANGUAGE_STANDARD = "gnu++0x";
				CLANG_CXX_LIBRARY = "libc++";
				CLANG_ENABLE_MODULES = YES;
				CLANG_ENABLE_OBJC_ARC = YES;
				CLANG_WARN_BOOL_CONVERSION = YES;
				CLANG_WARN_CONSTANT_CONVERSION = YES;
				CLANG_WARN_DIRECT_OBJC_ISA_USAGE = YES_ERROR;
				CLANG_WARN_DOCUMENTATION_COMMENTS = YES;
				CLANG_WARN_EMPTY_BODY = YES;
				CLANG_WARN_ENUM_CONVERSION = YES;
				CLANG_WARN_INFINITE_RECURSION = YES;
				CLANG_WARN_INT_CONVERSION = YES;
				CLANG_WARN_OBJC_ROOT_CLASS = YES_ERROR;
				CLANG_WARN_SUSPICIOUS_MOVE = YES;
				CLANG_WARN_SUSPICIOUS_MOVES = YES;
				CLANG_WARN_UNREACHABLE_CODE = YES;
				CLANG_WARN__DUPLICATE_METHOD_MATCH = YES;
				"CODE_SIGN_IDENTITY[sdk=iphoneos*]" = "iPhone Developer";
				COPY_PHASE_STRIP = NO;
				DEBUG_INFORMATION_FORMAT = dwarf;
				ENABLE_STRICT_OBJC_MSGSEND = YES;
				ENABLE_TESTABILITY = YES;
				GCC_C_LANGUAGE_STANDARD = gnu99;
				GCC_DYNAMIC_NO_PIC = NO;
				GCC_NO_COMMON_BLOCKS = YES;
				GCC_OPTIMIZATION_LEVEL = 0;
				GCC_PRECOMPILE_PREFIX_HEADER = YES;
				GCC_PREFIX_HEADER = "/Users/chendongzhi/Downloads/Joke-master/Joke/Config/Joke_Prefix.pch";
				GCC_PREPROCESSOR_DEFINITIONS = (
					"DEBUG=1",
					"$(inherited)",
				);
				GCC_WARN_64_TO_32_BIT_CONVERSION = YES;
				GCC_WARN_ABOUT_RETURN_TYPE = YES_ERROR;
				GCC_WARN_UNDECLARED_SELECTOR = YES;
				GCC_WARN_UNINITIALIZED_AUTOS = YES_AGGRESSIVE;
				GCC_WARN_UNUSED_FUNCTION = YES;
				GCC_WARN_UNUSED_VARIABLE = YES;
				IPHONEOS_DEPLOYMENT_TARGET = 10.1;
				MTL_ENABLE_DEBUG_INFO = YES;
				ONLY_ACTIVE_ARCH = YES;
				SDKROOT = iphoneos;
				SWIFT_ACTIVE_COMPILATION_CONDITIONS = DEBUG;
				SWIFT_OPTIMIZATION_LEVEL = "-Onone";
			};
			name = Debug;
		};
		F27B600C1DB32157008BE9CB /* Release */ = {
			isa = XCBuildConfiguration;
			buildSettings = {
				ALWAYS_SEARCH_USER_PATHS = NO;
				CLANG_ANALYZER_NONNULL = YES;
				CLANG_CXX_LANGUAGE_STANDARD = "gnu++0x";
				CLANG_CXX_LIBRARY = "libc++";
				CLANG_ENABLE_MODULES = YES;
				CLANG_ENABLE_OBJC_ARC = YES;
				CLANG_WARN_BOOL_CONVERSION = YES;
				CLANG_WARN_CONSTANT_CONVERSION = YES;
				CLANG_WARN_DIRECT_OBJC_ISA_USAGE = YES_ERROR;
				CLANG_WARN_DOCUMENTATION_COMMENTS = YES;
				CLANG_WARN_EMPTY_BODY = YES;
				CLANG_WARN_ENUM_CONVERSION = YES;
				CLANG_WARN_INFINITE_RECURSION = YES;
				CLANG_WARN_INT_CONVERSION = YES;
				CLANG_WARN_OBJC_ROOT_CLASS = YES_ERROR;
				CLANG_WARN_SUSPICIOUS_MOVE = YES;
				CLANG_WARN_SUSPICIOUS_MOVES = YES;
				CLANG_WARN_UNREACHABLE_CODE = YES;
				CLANG_WARN__DUPLICATE_METHOD_MATCH = YES;
				"CODE_SIGN_IDENTITY[sdk=iphoneos*]" = "iPhone Developer";
				COPY_PHASE_STRIP = NO;
				DEBUG_INFORMATION_FORMAT = "dwarf-with-dsym";
				ENABLE_NS_ASSERTIONS = NO;
				ENABLE_STRICT_OBJC_MSGSEND = YES;
				GCC_C_LANGUAGE_STANDARD = gnu99;
				GCC_NO_COMMON_BLOCKS = YES;
				GCC_PRECOMPILE_PREFIX_HEADER = YES;
				GCC_PREFIX_HEADER = "/Users/chendongzhi/Downloads/Joke-master/Joke/Config/Joke_Prefix.pch";
				GCC_WARN_64_TO_32_BIT_CONVERSION = YES;
				GCC_WARN_ABOUT_RETURN_TYPE = YES_ERROR;
				GCC_WARN_UNDECLARED_SELECTOR = YES;
				GCC_WARN_UNINITIALIZED_AUTOS = YES_AGGRESSIVE;
				GCC_WARN_UNUSED_FUNCTION = YES;
				GCC_WARN_UNUSED_VARIABLE = YES;
				IPHONEOS_DEPLOYMENT_TARGET = 10.1;
				MTL_ENABLE_DEBUG_INFO = NO;
				SDKROOT = iphoneos;
				SWIFT_OPTIMIZATION_LEVEL = "-Owholemodule";
				VALIDATE_PRODUCT = YES;
			};
			name = Release;
		};
		F27B600E1DB32157008BE9CB /* Debug */ = {
			isa = XCBuildConfiguration;
			baseConfigurationReference = 1D588A77399ACCF9E7528559 /* Pods-Joke.debug.xcconfig */;
			buildSettings = {
				ALWAYS_EMBED_SWIFT_STANDARD_LIBRARIES = YES;
				ASSETCATALOG_COMPILER_APPICON_NAME = AppIcon;
				ASSETCATALOG_COMPILER_LAUNCHIMAGE_NAME = LaunchImage;
				DEVELOPMENT_TEAM = 3G8327GJ7X;
				GCC_PRECOMPILE_PREFIX_HEADER = NO;
				GCC_PREFIX_HEADER = "";
				INFOPLIST_FILE = Joke/Info.plist;
				LD_RUNPATH_SEARCH_PATHS = "$(inherited) @executable_path/Frameworks";
				PRODUCT_BUNDLE_IDENTIFIER = CDZ.Joke;
				PRODUCT_NAME = "$(TARGET_NAME)";
				SWIFT_OBJC_BRIDGING_HEADER = "";
				SWIFT_OBJC_INTERFACE_HEADER_NAME = "$(SWIFT_MODULE_NAME)-Swift.h";
				SWIFT_REFLECTION_METADATA_LEVEL = all;
				SWIFT_VERSION = 3.0;
			};
			name = Debug;
		};
		F27B600F1DB32157008BE9CB /* Release */ = {
			isa = XCBuildConfiguration;
			baseConfigurationReference = 87AE96EFC768381DAD8AE03B /* Pods-Joke.release.xcconfig */;
			buildSettings = {
				ALWAYS_EMBED_SWIFT_STANDARD_LIBRARIES = YES;
				ASSETCATALOG_COMPILER_APPICON_NAME = AppIcon;
				ASSETCATALOG_COMPILER_LAUNCHIMAGE_NAME = LaunchImage;
				DEVELOPMENT_TEAM = 3G8327GJ7X;
				GCC_PRECOMPILE_PREFIX_HEADER = NO;
				GCC_PREFIX_HEADER = "";
				INFOPLIST_FILE = Joke/Info.plist;
				LD_RUNPATH_SEARCH_PATHS = "$(inherited) @executable_path/Frameworks";
				PRODUCT_BUNDLE_IDENTIFIER = CDZ.Joke;
				PRODUCT_NAME = "$(TARGET_NAME)";
				SWIFT_OBJC_BRIDGING_HEADER = "";
				SWIFT_OBJC_INTERFACE_HEADER_NAME = "$(SWIFT_MODULE_NAME)-Swift.h";
				SWIFT_REFLECTION_METADATA_LEVEL = all;
				SWIFT_VERSION = 3.0;
			};
			name = Release;
		};
		F27B60111DB32157008BE9CB /* Debug */ = {
			isa = XCBuildConfiguration;
			baseConfigurationReference = 3768F87A0B492CF96106D9F8 /* Pods-JokeTests.debug.xcconfig */;
			buildSettings = {
				ALWAYS_EMBED_SWIFT_STANDARD_LIBRARIES = YES;
				BUNDLE_LOADER = "$(TEST_HOST)";
				DEVELOPMENT_TEAM = 3G8327GJ7X;
				INFOPLIST_FILE = JokeTests/Info.plist;
				LD_RUNPATH_SEARCH_PATHS = "$(inherited) @executable_path/Frameworks @loader_path/Frameworks";
				PRODUCT_BUNDLE_IDENTIFIER = CDZ.JokeTests;
				PRODUCT_NAME = "$(TARGET_NAME)";
				SWIFT_VERSION = 3.0;
				TEST_HOST = "$(BUILT_PRODUCTS_DIR)/Joke.app/Joke";
			};
			name = Debug;
		};
		F27B60121DB32157008BE9CB /* Release */ = {
			isa = XCBuildConfiguration;
			baseConfigurationReference = C82CFE26A267F10D6ED09290 /* Pods-JokeTests.release.xcconfig */;
			buildSettings = {
				ALWAYS_EMBED_SWIFT_STANDARD_LIBRARIES = YES;
				BUNDLE_LOADER = "$(TEST_HOST)";
				DEVELOPMENT_TEAM = 3G8327GJ7X;
				INFOPLIST_FILE = JokeTests/Info.plist;
				LD_RUNPATH_SEARCH_PATHS = "$(inherited) @executable_path/Frameworks @loader_path/Frameworks";
				PRODUCT_BUNDLE_IDENTIFIER = CDZ.JokeTests;
				PRODUCT_NAME = "$(TARGET_NAME)";
				SWIFT_VERSION = 3.0;
				TEST_HOST = "$(BUILT_PRODUCTS_DIR)/Joke.app/Joke";
			};
			name = Release;
		};
		F27B60141DB32157008BE9CB /* Debug */ = {
			isa = XCBuildConfiguration;
			baseConfigurationReference = 551EC14821098455DA8B849B /* Pods-JokeUITests.debug.xcconfig */;
			buildSettings = {
				ALWAYS_EMBED_SWIFT_STANDARD_LIBRARIES = YES;
				DEVELOPMENT_TEAM = 3G8327GJ7X;
				INFOPLIST_FILE = JokeUITests/Info.plist;
				LD_RUNPATH_SEARCH_PATHS = "$(inherited) @executable_path/Frameworks @loader_path/Frameworks";
				PRODUCT_BUNDLE_IDENTIFIER = CDZ.JokeUITests;
				PRODUCT_NAME = "$(TARGET_NAME)";
				SWIFT_VERSION = 3.0;
				TEST_TARGET_NAME = Joke;
			};
			name = Debug;
		};
		F27B60151DB32157008BE9CB /* Release */ = {
			isa = XCBuildConfiguration;
			baseConfigurationReference = DF0CDF461F23A64F825F2B06 /* Pods-JokeUITests.release.xcconfig */;
			buildSettings = {
				ALWAYS_EMBED_SWIFT_STANDARD_LIBRARIES = YES;
				DEVELOPMENT_TEAM = 3G8327GJ7X;
				INFOPLIST_FILE = JokeUITests/Info.plist;
				LD_RUNPATH_SEARCH_PATHS = "$(inherited) @executable_path/Frameworks @loader_path/Frameworks";
				PRODUCT_BUNDLE_IDENTIFIER = CDZ.JokeUITests;
				PRODUCT_NAME = "$(TARGET_NAME)";
				SWIFT_VERSION = 3.0;
				TEST_TARGET_NAME = Joke;
			};
			name = Release;
		};
/* End XCBuildConfiguration section */

/* Begin XCConfigurationList section */
		F27B5FE01DB32156008BE9CB /* Build configuration list for PBXProject "Joke" */ = {
			isa = XCConfigurationList;
			buildConfigurations = (
				F27B600B1DB32157008BE9CB /* Debug */,
				F27B600C1DB32157008BE9CB /* Release */,
			);
			defaultConfigurationIsVisible = 0;
			defaultConfigurationName = Release;
		};
		F27B600D1DB32157008BE9CB /* Build configuration list for PBXNativeTarget "Joke" */ = {
			isa = XCConfigurationList;
			buildConfigurations = (
				F27B600E1DB32157008BE9CB /* Debug */,
				F27B600F1DB32157008BE9CB /* Release */,
			);
			defaultConfigurationIsVisible = 0;
			defaultConfigurationName = Release;
		};
		F27B60101DB32157008BE9CB /* Build configuration list for PBXNativeTarget "JokeTests" */ = {
			isa = XCConfigurationList;
			buildConfigurations = (
				F27B60111DB32157008BE9CB /* Debug */,
				F27B60121DB32157008BE9CB /* Release */,
			);
			defaultConfigurationIsVisible = 0;
			defaultConfigurationName = Release;
		};
		F27B60131DB32157008BE9CB /* Build configuration list for PBXNativeTarget "JokeUITests" */ = {
			isa = XCConfigurationList;
			buildConfigurations = (
				F27B60141DB32157008BE9CB /* Debug */,
				F27B60151DB32157008BE9CB /* Release */,
			);
			defaultConfigurationIsVisible = 0;
			defaultConfigurationName = Release;
		};
/* End XCConfigurationList section */
	};
	rootObject = F27B5FDD1DB32156008BE9CB /* Project object */;
}
